<?xml version="1.0" encoding="utf-8"?>
<Project ToolsVersion="4.0" xmlns="http://schemas.microsoft.com/developer/msbuild/2003">
  <ItemGroup>
    <Filter Include="Source Files">
      <UniqueIdentifier>{4FC737F1-C7A5-4376-A066-2A32D752A2FF}</UniqueIdentifier>
      <Extensions>cpp;c;cc;cxx;def;odl;idl;hpj;bat;asm;asmx</Extensions>
    </Filter>
    <Filter Include="Header Files">
      <UniqueIdentifier>{93995380-89BD-4b04-88EB-625FBE52EBFB}</UniqueIdentifier>
      <Extensions>h;hh;hpp;hxx;hm;inl;inc;xsd</Extensions>
    </Filter>
    <Filter Include="Resource Files">
      <UniqueIdentifier>{67DA6AB6-F800-4c08-8B7A-83BB121AAD01}</UniqueIdentifier>
      <Extensions>rc;ico;cur;bmp;dlg;rc2;rct;bin;rgs;gif;jpg;jpeg;jpe;resx;tiff;tif;png;wav;mfcribbon-ms</Extensions>
    </Filter>
    <Filter Include="Resource Files\bodyAnimation">
      <UniqueIdentifier>{f0e8402e-d7ad-4135-a198-e5a76c5e373f}</UniqueIdentifier>
    </Filter>
    <Filter Include="Resource Files\feetAnimation">
      <UniqueIdentifier>{cd99a531-7e78-4e6f-a899-94e4f4575719}</UniqueIdentifier>
    </Filter>
  </ItemGroup>
  <ItemGroup>
    <ClInclude Include="Basic.h">
      <Filter>Header Files</Filter>
    </ClInclude>
    <ClInclude Include="Graphics.h">
      <Filter>Header Files</Filter>
    </ClInclude>
    <ClInclude Include="SpriteSheet.h">
      <Filter>Header Files</Filter>
    </ClInclude>
    <ClInclude Include="Player.h">
      <Filter>Header Files</Filter>
    </ClInclude>
    <ClInclude Include="Enemy.h">
      <Filter>Header Files</Filter>
    </ClInclude>
    <ClInclude Include="Neutral.h">
      <Filter>Header Files</Filter>
    </ClInclude>
    <ClInclude Include="PlayerItems.h">
      <Filter>Header Files</Filter>
    </ClInclude>
    <ClInclude Include="EnemyProjectile.h">
      <Filter>Header Files</Filter>
    </ClInclude>
    <ClInclude Include="PlayerProjectile.h">
      <Filter>Header Files</Filter>
    </ClInclude>
    <ClInclude Include="Gamelevel.h">
      <Filter>Header Files</Filter>
    </ClInclude>
    <ClInclude Include="Animation.h">
      <Filter>Header Files</Filter>
    </ClInclude>
    <ClInclude Include="bullet.h">
      <Filter>Header Files</Filter>
    </ClInclude>
  </ItemGroup>
  <ItemGroup>
    <ClCompile Include="Graphics.cpp">
      <Filter>Source Files</Filter>
    </ClCompile>
    <ClCompile Include="main.cpp">
      <Filter>Source Files</Filter>
    </ClCompile>
    <ClCompile Include="SpriteSheet.cpp">
      <Filter>Source Files</Filter>
    </ClCompile>
  </ItemGroup>
  <ItemGroup>
    <Image Include="Zombie.png">
      <Filter>Resource Files</Filter>
    </Image>
    <Image Include="bodyAnimation\Body1.png">
      <Filter>Resource Files\bodyAnimation</Filter>
    </Image>
    <Image Include="bodyAnimation\Body2.png">
      <Filter>Resource Files\bodyAnimation</Filter>
    </Image>
    <Image Include="bodyAnimation\Body3.png">
      <Filter>Resource Files\bodyAnimation</Filter>
    </Image>
    <Image Include="bodyAnimation\Body4.png">
      <Filter>Resource Files\bodyAnimation</Filter>
    </Image>
    <Image Include="bodyAnimation\Body5.png">
      <Filter>Resource Files\bodyAnimation</Filter>
    </Image>
    <Image Include="bodyAnimation\Body6.png">
      <Filter>Resource Files\bodyAnimation</Filter>
    </Image>
    <Image Include="bodyAnimation\Body7.png">
      <Filter>Resource Files\bodyAnimation</Filter>
    </Image>
    <Image Include="bodyAnimation\Body8.png">
      <Filter>Resource Files\bodyAnimation</Filter>
    </Image>
    <Image Include="bodyAnimation\Body9.png">
      <Filter>Resource Files\bodyAnimation</Filter>
    </Image>
    <Image Include="bodyAnimation\Body10.png">
      <Filter>Resource Files\bodyAnimation</Filter>
    </Image>
    <Image Include="bodyAnimation\Body11.png">
      <Filter>Resource Files\bodyAnimation</Filter>
    </Image>
    <Image Include="bodyAnimation\Body12.png">
      <Filter>Resource Files\bodyAnimation</Filter>
    </Image>
    <Image Include="bodyAnimation\Body13.png">
      <Filter>Resource Files\bodyAnimation</Filter>
    </Image>
    <Image Include="bodyAnimation\Body14.png">
      <Filter>Resource Files\bodyAnimation</Filter>
    </Image>
    <Image Include="bodyAnimation\Body15.png">
      <Filter>Resource Files\bodyAnimation</Filter>
    </Image>
    <Image Include="bodyAnimation\Body16.png">
      <Filter>Resource Files\bodyAnimation</Filter>
    </Image>
    <Image Include="bodyAnimation\Body17.png">
      <Filter>Resource Files\bodyAnimation</Filter>
    </Image>
    <Image Include="feetAnimation\Feet1.png">
      <Filter>Resource Files\feetAnimation</Filter>
    </Image>
    <Image Include="feetAnimation\Feet2.png">
      <Filter>Resource Files\feetAnimation</Filter>
    </Image>
    <Image Include="feetAnimation\Feet3.png">
      <Filter>Resource Files\feetAnimation</Filter>
    </Image>
    <Image Include="feetAnimation\Feet4.png">
      <Filter>Resource Files\feetAnimation</Filter>
    </Image>
    <Image Include="feetAnimation\Feet5.png">
      <Filter>Resource Files\feetAnimation</Filter>
    </Image>
  </ItemGroup>
  <ItemGroup>
    <Text Include="feetAnimation\bitmaps.txt">
      <Filter>Resource Files\feetAnimation</Filter>
    </Text>
  </ItemGroup>
</Project>